
Microsoft Visual Studio Solution File, Format Version 12.00
# Visual Studio Version 17
VisualStudioVersion = 17.9.34607.119
MinimumVisualStudioVersion = 10.0.40219.1
Project("{9A19103F-16F7-4668-BE54-9A1E7A4F7556}") = "SupplyManagement.WebApp", "SupplyRequestsWebApp\SupplyManagement.WebApp.csproj", "{3FDF0BEA-1FDA-4226-8066-2FFDA256C248}"
EndProject
Project("{9A19103F-16F7-4668-BE54-9A1E7A4F7556}") = "DocumentGeneratorApp", "DocumentGenerator\DocumentGeneratorApp.csproj", "{86E38368-A605-400F-B4C2-A68910CD731D}"
EndProject
Project("{9A19103F-16F7-4668-BE54-9A1E7A4F7556}") = "SupplyManagement.Helpers", "Helpers\SupplyManagement.Helpers.csproj", "{05FFB4C0-E2D3-49C6-B429-D3B351619646}"
EndProject
Project("{FAE04EC0-301F-11D3-BF4B-00C04F79EFBC}") = "SupplyManagement.Models", "SupplyManagement.Models\SupplyManagement.Models.csproj", "{1C9010AE-8A12-4FE8-A2F5-62368F0DEDC8}"
EndProject
Project("{FAE04EC0-301F-11D3-BF4B-00C04F79EFBC}") = "SupplyManagement.Services", "SupplyManagement.Services\SupplyManagement.Services.csproj", "{863E3192-9BAE-420F-9B42-5F751AA2C9B7}"
EndProject
Global
	GlobalSection(SolutionConfigurationPlatforms) = preSolution
		Debug|Any CPU = Debug|Any CPU
		Release|Any CPU = Release|Any CPU
	EndGlobalSection
	GlobalSection(ProjectConfigurationPlatforms) = postSolution
		{3FDF0BEA-1FDA-4226-8066-2FFDA256C248}.Debug|Any CPU.ActiveCfg = Debug|Any CPU
		{3FDF0BEA-1FDA-4226-8066-2FFDA256C248}.Debug|Any CPU.Build.0 = Debug|Any CPU
		{3FDF0BEA-1FDA-4226-8066-2FFDA256C248}.Release|Any CPU.ActiveCfg = Release|Any CPU
		{3FDF0BEA-1FDA-4226-8066-2FFDA256C248}.Release|Any CPU.Build.0 = Release|Any CPU
		{86E38368-A605-400F-B4C2-A68910CD731D}.Debug|Any CPU.ActiveCfg = Debug|Any CPU
		{86E38368-A605-400F-B4C2-A68910CD731D}.Debug|Any CPU.Build.0 = Debug|Any CPU
		{86E38368-A605-400F-B4C2-A68910CD731D}.Release|Any CPU.ActiveCfg = Release|Any CPU
		{86E38368-A605-400F-B4C2-A68910CD731D}.Release|Any CPU.Build.0 = Release|Any CPU
		{05FFB4C0-E2D3-49C6-B429-D3B351619646}.Debug|Any CPU.ActiveCfg = Debug|Any CPU
		{05FFB4C0-E2D3-49C6-B429-D3B351619646}.Debug|Any CPU.Build.0 = Debug|Any CPU
		{05FFB4C0-E2D3-49C6-B429-D3B351619646}.Release|Any CPU.ActiveCfg = Release|Any CPU
		{05FFB4C0-E2D3-49C6-B429-D3B351619646}.Release|Any CPU.Build.0 = Release|Any CPU
		{1C9010AE-8A12-4FE8-A2F5-62368F0DEDC8}.Debug|Any CPU.ActiveCfg = Debug|Any CPU
		{1C9010AE-8A12-4FE8-A2F5-62368F0DEDC8}.Debug|Any CPU.Build.0 = Debug|Any CPU
		{1C9010AE-8A12-4FE8-A2F5-62368F0DEDC8}.Release|Any CPU.ActiveCfg = Release|Any CPU
		{1C9010AE-8A12-4FE8-A2F5-62368F0DEDC8}.Release|Any CPU.Build.0 = Release|Any CPU
		{863E3192-9BAE-420F-9B42-5F751AA2C9B7}.Debug|Any CPU.ActiveCfg = Debug|Any CPU
		{863E3192-9BAE-420F-9B42-5F751AA2C9B7}.Debug|Any CPU.Build.0 = Debug|Any CPU
		{863E3192-9BAE-420F-9B42-5F751AA2C9B7}.Release|Any CPU.ActiveCfg = Release|Any CPU
		{863E3192-9BAE-420F-9B42-5F751AA2C9B7}.Release|Any CPU.Build.0 = Release|Any CPU
	EndGlobalSection
	GlobalSection(SolutionProperties) = preSolution
		HideSolutionNode = FALSE
	EndGlobalSection
	GlobalSection(ExtensibilityGlobals) = postSolution
		SolutionGuid = {548AACEB-AEC4-496F-A338-D902CDFF95BA}
	EndGlobalSection
EndGlobal
